<?xml version="1.0" encoding="utf-8"?>
<Project ToolsVersion="4.0" xmlns="http://schemas.microsoft.com/developer/msbuild/2003">
  <ItemGroup>
    <ClCompile Include="Instruction.cpp" />
    <ClCompile Include="main.cpp" />
    <ClCompile Include="node.cpp" />
    <ClCompile Include="parser.cpp" />
    <ClCompile Include="symboltable.cpp" />
    <ClCompile Include="seperation.cpp" />
    <ClCompile Include="token.cpp" />
    <ClCompile Include="tokenizer.cpp" />
    <ClCompile Include="traverse.cpp" />
    <ClCompile Include="analysis.cpp" />
  </ItemGroup>
  <ItemGroup>
    <ClCompile Include="main.cpp">
      <Filter>Source Files</Filter>
    </ClCompile>
    <ClCompile Include="tokenizer.cpp">
      <Filter>Source Files</Filter>
    </ClCompile>
    <ClCompile Include="token.cpp">
      <Filter>Source Files</Filter>
    </ClCompile>
    <ClCompile Include="parser.cpp">
      <Filter>Source Files</Filter>
    </ClCompile>
    <ClCompile Include="node.cpp">
      <Filter>Source Files</Filter>
    </ClCompile>
    <ClCompile Include="Instruction.cpp">
      <Filter>Source Files</Filter>
    </ClCompile>
    <ClCompile Include="symboltable.cpp">
      <Filter>Source Files</Filter>
    </ClCompile>
    <ClCompile Include="seperation.cpp">
      <Filter>Passes</Filter>
    </ClCompile>
    <ClCompile Include="traverse.cpp">
      <Filter>Source Files</Filter>
    </ClCompile>
    <ClCompile Include="replace_boolops.cpp">
      <Filter>Passes</Filter>
    </ClCompile>
  </ItemGroup>
  <ItemGroup>
    <ClInclude Include="tokenizer.h">
      <Filter>Header Files</Filter>
    </ClInclude>
    <ClInclude Include="token.h">
      <Filter>Header Files</Filter>
    </ClInclude>
    <ClInclude Include="parser.h">
      <Filter>Header Files</Filter>
    </ClInclude>
    <ClInclude Include="traverse.h">
      <Filter>Header Files</Filter>
    </ClInclude>
    <ClInclude Include="node.h">
      <Filter>Header Files</Filter>
    </ClInclude>
    <ClInclude Include="instruction.h">
      <Filter>Header Files</Filter>
    </ClInclude>
    <ClInclude Include="symboltable.h">
      <Filter>Header Files</Filter>
    </ClInclude>
    <ClInclude Include="seperation.h">
      <Filter>Passes</Filter>
    </ClInclude>
    <ClInclude Include="replace_boolops.h">
      <Filter>Passes</Filter>
    </ClInclude>
  </ItemGroup>
  <ItemGroup>
    <None Include="test.cvc" />
  </ItemGroup>
</Project>